
Microsoft Visual Studio Solution File, Format Version 12.00
# Visual Studio Version 17
VisualStudioVersion = 17.9.34701.34
MinimumVisualStudioVersion = 10.0.40219.1
Project("{8BC9CEB8-8B4A-11D0-8D11-00A0C91BC942}") = "Mr.PMer", "Mr.PMer.vcxproj", "{841AA503-9F22-46BA-B1B8-67A1BE327BDA}"
EndProject
Global
	GlobalSection(SolutionConfigurationPlatforms) = preSolution
		Debug|x64 = Debug|x64
		Debug|x86 = Debug|x86
		Release|x64 = Release|x64
		Release|x86 = Release|x86
	EndGlobalSection
	GlobalSection(ProjectConfigurationPlatforms) = postSolution
		{841AA503-9F22-46BA-B1B8-67A1BE327BDA}.Debug|x64.ActiveCfg = Debug|x64
		{841AA503-9F22-46BA-B1B8-67A1BE327BDA}.Debug|x64.Build.0 = Debug|x64
		{841AA503-9F22-46BA-B1B8-67A1BE327BDA}.Debug|x86.ActiveCfg = Debug|Win32
		{841AA503-9F22-46BA-B1B8-67A1BE327BDA}.Debug|x86.Build.0 = Debug|Win32
		{841AA503-9F22-46BA-B1B8-67A1BE327BDA}.Release|x64.ActiveCfg = Release|x64
		{841AA503-9F22-46BA-B1B8-67A1BE327BDA}.Release|x64.Build.0 = Release|x64
		{841AA503-9F22-46BA-B1B8-67A1BE327BDA}.Release|x86.ActiveCfg = Release|Win32
		{841AA503-9F22-46BA-B1B8-67A1BE327BDA}.Release|x86.Build.0 = Release|Win32
	EndGlobalSection
	GlobalSection(SolutionProperties) = preSolution
		HideSolutionNode = FALSE
	EndGlobalSection
	GlobalSection(ExtensibilityGlobals) = postSolution
		SolutionGuid = {B60F74A1-5474-498E-A55C-5D621F66C6F3}
	EndGlobalSection
EndGlobal
